
Microsoft Visual Studio Solution File, Format Version 12.00
# Visual Studio Version 16
VisualStudioVersion = 16.0.29025.244
MinimumVisualStudioVersion = 10.0.40219.1
Project("{FAE04EC0-301F-11D3-BF4B-00C04F79EFBC}") = "AdicionandoValoresEmUmaListaManualmente", "AdicionandoValoresEmUmaListaManualmente.csproj", "{982CD0A9-A60F-4492-B1D1-5F6689F2158B}"
EndProject
Global
	GlobalSection(SolutionConfigurationPlatforms) = preSolution
		Debug|Any CPU = Debug|Any CPU
		Release|Any CPU = Release|Any CPU
	EndGlobalSection
	GlobalSection(ProjectConfigurationPlatforms) = postSolution
		{982CD0A9-A60F-4492-B1D1-5F6689F2158B}.Debug|Any CPU.ActiveCfg = Debug|Any CPU
		{982CD0A9-A60F-4492-B1D1-5F6689F2158B}.Debug|Any CPU.Build.0 = Debug|Any CPU
		{982CD0A9-A60F-4492-B1D1-5F6689F2158B}.Release|Any CPU.ActiveCfg = Release|Any CPU
		{982CD0A9-A60F-4492-B1D1-5F6689F2158B}.Release|Any CPU.Build.0 = Release|Any CPU
	EndGlobalSection
	GlobalSection(SolutionProperties) = preSolution
		HideSolutionNode = FALSE
	EndGlobalSection
	GlobalSection(ExtensibilityGlobals) = postSolution
		SolutionGuid = {77511ABB-EB52-444A-81F7-84609590EB76}
	EndGlobalSection
EndGlobal
