
Microsoft Visual Studio Solution File, Format Version 12.00
# Visual Studio Version 16
VisualStudioVersion = 16.0.29102.190
MinimumVisualStudioVersion = 10.0.40219.1
Project("{FAE04EC0-301F-11D3-BF4B-00C04F79EFBC}") = "BancoCeSharp", "BancoCeSharp\BancoCeSharp.csproj", "{D9007994-6FD5-441F-BAF2-0256F5F526B5}"
EndProject
Global
	GlobalSection(SolutionConfigurationPlatforms) = preSolution
		Debug|Any CPU = Debug|Any CPU
		Release|Any CPU = Release|Any CPU
	EndGlobalSection
	GlobalSection(ProjectConfigurationPlatforms) = postSolution
		{D9007994-6FD5-441F-BAF2-0256F5F526B5}.Debug|Any CPU.ActiveCfg = Debug|Any CPU
		{D9007994-6FD5-441F-BAF2-0256F5F526B5}.Debug|Any CPU.Build.0 = Debug|Any CPU
		{D9007994-6FD5-441F-BAF2-0256F5F526B5}.Release|Any CPU.ActiveCfg = Release|Any CPU
		{D9007994-6FD5-441F-BAF2-0256F5F526B5}.Release|Any CPU.Build.0 = Release|Any CPU
	EndGlobalSection
	GlobalSection(SolutionProperties) = preSolution
		HideSolutionNode = FALSE
	EndGlobalSection
	GlobalSection(ExtensibilityGlobals) = postSolution
		SolutionGuid = {6D35C9ED-880E-4E52-823B-3C4835439ECB}
	EndGlobalSection
EndGlobal
