
Microsoft Visual Studio Solution File, Format Version 12.00
# Visual Studio Version 16
VisualStudioVersion = 16.0.29102.190
MinimumVisualStudioVersion = 10.0.40219.1
Project("{FAE04EC0-301F-11D3-BF4B-00C04F79EFBC}") = "WebAppiRoute", "WebAppiRoute\WebAppiRoute.csproj", "{F9DCAD25-FD7D-427F-A151-7E6820B16C69}"
EndProject
Global
	GlobalSection(SolutionConfigurationPlatforms) = preSolution
		Debug|Any CPU = Debug|Any CPU
		Release|Any CPU = Release|Any CPU
	EndGlobalSection
	GlobalSection(ProjectConfigurationPlatforms) = postSolution
		{F9DCAD25-FD7D-427F-A151-7E6820B16C69}.Debug|Any CPU.ActiveCfg = Debug|Any CPU
		{F9DCAD25-FD7D-427F-A151-7E6820B16C69}.Debug|Any CPU.Build.0 = Debug|Any CPU
		{F9DCAD25-FD7D-427F-A151-7E6820B16C69}.Release|Any CPU.ActiveCfg = Release|Any CPU
		{F9DCAD25-FD7D-427F-A151-7E6820B16C69}.Release|Any CPU.Build.0 = Release|Any CPU
	EndGlobalSection
	GlobalSection(SolutionProperties) = preSolution
		HideSolutionNode = FALSE
	EndGlobalSection
	GlobalSection(ExtensibilityGlobals) = postSolution
		SolutionGuid = {B57D1590-AB99-4990-BD6F-643D81CFDBB5}
	EndGlobalSection
EndGlobal
