
Microsoft Visual Studio Solution File, Format Version 12.00
# Visual Studio Version 16
VisualStudioVersion = 16.0.29102.190
MinimumVisualStudioVersion = 10.0.40219.1
Project("{FAE04EC0-301F-11D3-BF4B-00C04F79EFBC}") = "MVCProject", "MVCProject\MVCProject.csproj", "{48DBDB8B-133A-43A0-8CE3-F356FE8F14E6}"
EndProject
Global
	GlobalSection(SolutionConfigurationPlatforms) = preSolution
		Debug|Any CPU = Debug|Any CPU
		Release|Any CPU = Release|Any CPU
	EndGlobalSection
	GlobalSection(ProjectConfigurationPlatforms) = postSolution
		{48DBDB8B-133A-43A0-8CE3-F356FE8F14E6}.Debug|Any CPU.ActiveCfg = Debug|Any CPU
		{48DBDB8B-133A-43A0-8CE3-F356FE8F14E6}.Debug|Any CPU.Build.0 = Debug|Any CPU
		{48DBDB8B-133A-43A0-8CE3-F356FE8F14E6}.Release|Any CPU.ActiveCfg = Release|Any CPU
		{48DBDB8B-133A-43A0-8CE3-F356FE8F14E6}.Release|Any CPU.Build.0 = Release|Any CPU
	EndGlobalSection
	GlobalSection(SolutionProperties) = preSolution
		HideSolutionNode = FALSE
	EndGlobalSection
	GlobalSection(ExtensibilityGlobals) = postSolution
		SolutionGuid = {2960F1A1-229A-4AC3-9E6E-A3C7ED54ED17}
	EndGlobalSection
EndGlobal
