
Microsoft Visual Studio Solution File, Format Version 12.00
# Visual Studio Version 16
VisualStudioVersion = 16.0.29102.190
MinimumVisualStudioVersion = 10.0.40219.1
Project("{FAE04EC0-301F-11D3-BF4B-00C04F79EFBC}") = "GetAjax", "GetAjax\GetAjax.csproj", "{9781F9C4-DE45-4912-BBD3-A8C5B4F869C3}"
EndProject
Global
	GlobalSection(SolutionConfigurationPlatforms) = preSolution
		Debug|Any CPU = Debug|Any CPU
		Release|Any CPU = Release|Any CPU
	EndGlobalSection
	GlobalSection(ProjectConfigurationPlatforms) = postSolution
		{9781F9C4-DE45-4912-BBD3-A8C5B4F869C3}.Debug|Any CPU.ActiveCfg = Debug|Any CPU
		{9781F9C4-DE45-4912-BBD3-A8C5B4F869C3}.Debug|Any CPU.Build.0 = Debug|Any CPU
		{9781F9C4-DE45-4912-BBD3-A8C5B4F869C3}.Release|Any CPU.ActiveCfg = Release|Any CPU
		{9781F9C4-DE45-4912-BBD3-A8C5B4F869C3}.Release|Any CPU.Build.0 = Release|Any CPU
	EndGlobalSection
	GlobalSection(SolutionProperties) = preSolution
		HideSolutionNode = FALSE
	EndGlobalSection
	GlobalSection(ExtensibilityGlobals) = postSolution
		SolutionGuid = {6CBE1F4A-5865-4273-9F39-EBE057A56E08}
	EndGlobalSection
EndGlobal
