
Microsoft Visual Studio Solution File, Format Version 12.00
# Visual Studio Version 16
VisualStudioVersion = 16.0.29102.190
MinimumVisualStudioVersion = 10.0.40219.1
Project("{FAE04EC0-301F-11D3-BF4B-00C04F79EFBC}") = "WPFApp", "WPFApp\WPFApp.csproj", "{34DA1D79-CBD7-4E69-96E4-7781CE031C6A}"
EndProject
Global
	GlobalSection(SolutionConfigurationPlatforms) = preSolution
		Debug|Any CPU = Debug|Any CPU
		Release|Any CPU = Release|Any CPU
	EndGlobalSection
	GlobalSection(ProjectConfigurationPlatforms) = postSolution
		{34DA1D79-CBD7-4E69-96E4-7781CE031C6A}.Debug|Any CPU.ActiveCfg = Debug|Any CPU
		{34DA1D79-CBD7-4E69-96E4-7781CE031C6A}.Debug|Any CPU.Build.0 = Debug|Any CPU
		{34DA1D79-CBD7-4E69-96E4-7781CE031C6A}.Release|Any CPU.ActiveCfg = Release|Any CPU
		{34DA1D79-CBD7-4E69-96E4-7781CE031C6A}.Release|Any CPU.Build.0 = Release|Any CPU
	EndGlobalSection
	GlobalSection(SolutionProperties) = preSolution
		HideSolutionNode = FALSE
	EndGlobalSection
	GlobalSection(ExtensibilityGlobals) = postSolution
		SolutionGuid = {2016D0CA-8DC0-4692-87A1-52D935A30785}
	EndGlobalSection
EndGlobal
