
Microsoft Visual Studio Solution File, Format Version 12.00
# Visual Studio Version 16
VisualStudioVersion = 16.0.29102.190
MinimumVisualStudioVersion = 10.0.40219.1
Project("{FAE04EC0-301F-11D3-BF4B-00C04F79EFBC}") = "MediaBoletimMetodo", "MediaBoletimMetodo\MediaBoletimMetodo.csproj", "{56B8350C-0549-456A-AC47-DCDEDFD3FF66}"
EndProject
Project("{FAE04EC0-301F-11D3-BF4B-00C04F79EFBC}") = "GestorEscola", "GestorEscola\GestorEscola.csproj", "{0D40A15B-0480-47A9-A827-AADB5CB3F164}"
EndProject
Global
	GlobalSection(SolutionConfigurationPlatforms) = preSolution
		Debug|Any CPU = Debug|Any CPU
		Release|Any CPU = Release|Any CPU
	EndGlobalSection
	GlobalSection(ProjectConfigurationPlatforms) = postSolution
		{56B8350C-0549-456A-AC47-DCDEDFD3FF66}.Debug|Any CPU.ActiveCfg = Debug|Any CPU
		{56B8350C-0549-456A-AC47-DCDEDFD3FF66}.Debug|Any CPU.Build.0 = Debug|Any CPU
		{56B8350C-0549-456A-AC47-DCDEDFD3FF66}.Release|Any CPU.ActiveCfg = Release|Any CPU
		{56B8350C-0549-456A-AC47-DCDEDFD3FF66}.Release|Any CPU.Build.0 = Release|Any CPU
		{0D40A15B-0480-47A9-A827-AADB5CB3F164}.Debug|Any CPU.ActiveCfg = Debug|Any CPU
		{0D40A15B-0480-47A9-A827-AADB5CB3F164}.Debug|Any CPU.Build.0 = Debug|Any CPU
		{0D40A15B-0480-47A9-A827-AADB5CB3F164}.Release|Any CPU.ActiveCfg = Release|Any CPU
		{0D40A15B-0480-47A9-A827-AADB5CB3F164}.Release|Any CPU.Build.0 = Release|Any CPU
	EndGlobalSection
	GlobalSection(SolutionProperties) = preSolution
		HideSolutionNode = FALSE
	EndGlobalSection
	GlobalSection(ExtensibilityGlobals) = postSolution
		SolutionGuid = {802295C9-9A4F-48D5-9E29-6588D08F179E}
	EndGlobalSection
EndGlobal
