
Microsoft Visual Studio Solution File, Format Version 12.00
# Visual Studio Version 16
VisualStudioVersion = 16.0.29102.190
MinimumVisualStudioVersion = 10.0.40219.1
Project("{FAE04EC0-301F-11D3-BF4B-00C04F79EFBC}") = "Calculadora", "Calculadora\Calculadora.csproj", "{E689FDF1-F2D1-47C3-8A48-22A031115E73}"
EndProject
Project("{FAE04EC0-301F-11D3-BF4B-00C04F79EFBC}") = "UsandoCalculadoraBiblioteca", "UsandoCalculadoraBiblioteca\UsandoCalculadoraBiblioteca.csproj", "{F82E6328-FAAA-4E20-94B1-DD3F17374979}"
EndProject
Global
	GlobalSection(SolutionConfigurationPlatforms) = preSolution
		Debug|Any CPU = Debug|Any CPU
		Release|Any CPU = Release|Any CPU
	EndGlobalSection
	GlobalSection(ProjectConfigurationPlatforms) = postSolution
		{E689FDF1-F2D1-47C3-8A48-22A031115E73}.Debug|Any CPU.ActiveCfg = Debug|Any CPU
		{E689FDF1-F2D1-47C3-8A48-22A031115E73}.Debug|Any CPU.Build.0 = Debug|Any CPU
		{E689FDF1-F2D1-47C3-8A48-22A031115E73}.Release|Any CPU.ActiveCfg = Release|Any CPU
		{E689FDF1-F2D1-47C3-8A48-22A031115E73}.Release|Any CPU.Build.0 = Release|Any CPU
		{F82E6328-FAAA-4E20-94B1-DD3F17374979}.Debug|Any CPU.ActiveCfg = Debug|Any CPU
		{F82E6328-FAAA-4E20-94B1-DD3F17374979}.Debug|Any CPU.Build.0 = Debug|Any CPU
		{F82E6328-FAAA-4E20-94B1-DD3F17374979}.Release|Any CPU.ActiveCfg = Release|Any CPU
		{F82E6328-FAAA-4E20-94B1-DD3F17374979}.Release|Any CPU.Build.0 = Release|Any CPU
	EndGlobalSection
	GlobalSection(SolutionProperties) = preSolution
		HideSolutionNode = FALSE
	EndGlobalSection
	GlobalSection(ExtensibilityGlobals) = postSolution
		SolutionGuid = {9B30D48A-8420-465D-BBE7-E56B60E5F2E5}
	EndGlobalSection
EndGlobal
