
Microsoft Visual Studio Solution File, Format Version 12.00
# Visual Studio Version 16
VisualStudioVersion = 16.0.29025.244
MinimumVisualStudioVersion = 10.0.40219.1
Project("{FAE04EC0-301F-11D3-BF4B-00C04F79EFBC}") = "Sistema de Locadora Ambev", "Sistema de Locadora Ambev.csproj", "{97962842-1538-4192-8DAB-9D2E8E75B63B}"
EndProject
Global
	GlobalSection(SolutionConfigurationPlatforms) = preSolution
		Debug|Any CPU = Debug|Any CPU
		Release|Any CPU = Release|Any CPU
	EndGlobalSection
	GlobalSection(ProjectConfigurationPlatforms) = postSolution
		{97962842-1538-4192-8DAB-9D2E8E75B63B}.Debug|Any CPU.ActiveCfg = Debug|Any CPU
		{97962842-1538-4192-8DAB-9D2E8E75B63B}.Debug|Any CPU.Build.0 = Debug|Any CPU
		{97962842-1538-4192-8DAB-9D2E8E75B63B}.Release|Any CPU.ActiveCfg = Release|Any CPU
		{97962842-1538-4192-8DAB-9D2E8E75B63B}.Release|Any CPU.Build.0 = Release|Any CPU
	EndGlobalSection
	GlobalSection(SolutionProperties) = preSolution
		HideSolutionNode = FALSE
	EndGlobalSection
	GlobalSection(ExtensibilityGlobals) = postSolution
		SolutionGuid = {BF8AD8FB-D4F1-45C3-9C5B-C66FCA5FB0AF}
	EndGlobalSection
EndGlobal
