
Microsoft Visual Studio Solution File, Format Version 12.00
# Visual Studio Version 16
VisualStudioVersion = 16.0.29102.190
MinimumVisualStudioVersion = 10.0.40219.1
Project("{FAE04EC0-301F-11D3-BF4B-00C04F79EFBC}") = "ListaBiSuperCompacta", "ListaBiSuperCompacta.csproj", "{3D1FF8C5-E52A-4031-9165-C3A55A081243}"
EndProject
Global
	GlobalSection(SolutionConfigurationPlatforms) = preSolution
		Debug|Any CPU = Debug|Any CPU
		Release|Any CPU = Release|Any CPU
	EndGlobalSection
	GlobalSection(ProjectConfigurationPlatforms) = postSolution
		{3D1FF8C5-E52A-4031-9165-C3A55A081243}.Debug|Any CPU.ActiveCfg = Debug|Any CPU
		{3D1FF8C5-E52A-4031-9165-C3A55A081243}.Debug|Any CPU.Build.0 = Debug|Any CPU
		{3D1FF8C5-E52A-4031-9165-C3A55A081243}.Release|Any CPU.ActiveCfg = Release|Any CPU
		{3D1FF8C5-E52A-4031-9165-C3A55A081243}.Release|Any CPU.Build.0 = Release|Any CPU
	EndGlobalSection
	GlobalSection(SolutionProperties) = preSolution
		HideSolutionNode = FALSE
	EndGlobalSection
	GlobalSection(ExtensibilityGlobals) = postSolution
		SolutionGuid = {40730A58-39F7-455C-98C4-28AD3F98A654}
	EndGlobalSection
EndGlobal
