
Microsoft Visual Studio Solution File, Format Version 12.00
# Visual Studio Version 16
VisualStudioVersion = 16.0.29102.190
MinimumVisualStudioVersion = 10.0.40219.1
Project("{FAE04EC0-301F-11D3-BF4B-00C04F79EFBC}") = "FormWpf", "FormWpf\FormWpf.csproj", "{F008065D-203A-4449-A407-597AEE43ACD3}"
EndProject
Global
	GlobalSection(SolutionConfigurationPlatforms) = preSolution
		Debug|Any CPU = Debug|Any CPU
		Release|Any CPU = Release|Any CPU
	EndGlobalSection
	GlobalSection(ProjectConfigurationPlatforms) = postSolution
		{F008065D-203A-4449-A407-597AEE43ACD3}.Debug|Any CPU.ActiveCfg = Debug|Any CPU
		{F008065D-203A-4449-A407-597AEE43ACD3}.Debug|Any CPU.Build.0 = Debug|Any CPU
		{F008065D-203A-4449-A407-597AEE43ACD3}.Release|Any CPU.ActiveCfg = Release|Any CPU
		{F008065D-203A-4449-A407-597AEE43ACD3}.Release|Any CPU.Build.0 = Release|Any CPU
	EndGlobalSection
	GlobalSection(SolutionProperties) = preSolution
		HideSolutionNode = FALSE
	EndGlobalSection
	GlobalSection(ExtensibilityGlobals) = postSolution
		SolutionGuid = {139F2F7C-5726-491C-9BBF-4BE2F74179CE}
	EndGlobalSection
EndGlobal
