
Microsoft Visual Studio Solution File, Format Version 12.00
# Visual Studio Version 16
VisualStudioVersion = 16.0.29102.190
MinimumVisualStudioVersion = 10.0.40219.1
Project("{FAE04EC0-301F-11D3-BF4B-00C04F79EFBC}") = "GridViewDbAcesso", "GridViewDbAcesso\GridViewDbAcesso.csproj", "{7DA37D77-6D3F-4195-B057-F33F01AB5A1F}"
EndProject
Global
	GlobalSection(SolutionConfigurationPlatforms) = preSolution
		Debug|Any CPU = Debug|Any CPU
		Release|Any CPU = Release|Any CPU
	EndGlobalSection
	GlobalSection(ProjectConfigurationPlatforms) = postSolution
		{7DA37D77-6D3F-4195-B057-F33F01AB5A1F}.Debug|Any CPU.ActiveCfg = Debug|Any CPU
		{7DA37D77-6D3F-4195-B057-F33F01AB5A1F}.Debug|Any CPU.Build.0 = Debug|Any CPU
		{7DA37D77-6D3F-4195-B057-F33F01AB5A1F}.Release|Any CPU.ActiveCfg = Release|Any CPU
		{7DA37D77-6D3F-4195-B057-F33F01AB5A1F}.Release|Any CPU.Build.0 = Release|Any CPU
	EndGlobalSection
	GlobalSection(SolutionProperties) = preSolution
		HideSolutionNode = FALSE
	EndGlobalSection
	GlobalSection(ExtensibilityGlobals) = postSolution
		SolutionGuid = {2C9DA576-8DFE-452A-9D3B-C494564E4555}
	EndGlobalSection
EndGlobal
