
Microsoft Visual Studio Solution File, Format Version 12.00
# Visual Studio Version 16
VisualStudioVersion = 16.0.29025.244
MinimumVisualStudioVersion = 10.0.40219.1
Project("{FAE04EC0-301F-11D3-BF4B-00C04F79EFBC}") = "ProjetoFinalConsole", "ProjetoFinalConsole.csproj", "{DEF52C01-EDD9-47EE-96CA-B0D6C1B9C1AF}"
EndProject
Global
	GlobalSection(SolutionConfigurationPlatforms) = preSolution
		Debug|Any CPU = Debug|Any CPU
		Release|Any CPU = Release|Any CPU
	EndGlobalSection
	GlobalSection(ProjectConfigurationPlatforms) = postSolution
		{DEF52C01-EDD9-47EE-96CA-B0D6C1B9C1AF}.Debug|Any CPU.ActiveCfg = Debug|Any CPU
		{DEF52C01-EDD9-47EE-96CA-B0D6C1B9C1AF}.Debug|Any CPU.Build.0 = Debug|Any CPU
		{DEF52C01-EDD9-47EE-96CA-B0D6C1B9C1AF}.Release|Any CPU.ActiveCfg = Release|Any CPU
		{DEF52C01-EDD9-47EE-96CA-B0D6C1B9C1AF}.Release|Any CPU.Build.0 = Release|Any CPU
	EndGlobalSection
	GlobalSection(SolutionProperties) = preSolution
		HideSolutionNode = FALSE
	EndGlobalSection
	GlobalSection(ExtensibilityGlobals) = postSolution
		SolutionGuid = {35AE56AB-189C-40F3-B39C-40DD5D0E0B0D}
	EndGlobalSection
EndGlobal
