
Microsoft Visual Studio Solution File, Format Version 12.00
# Visual Studio Version 16
VisualStudioVersion = 16.0.29025.244
MinimumVisualStudioVersion = 10.0.40219.1
Project("{FAE04EC0-301F-11D3-BF4B-00C04F79EFBC}") = "AtividadeLista", "AtividadeLista.csproj", "{A2139108-9263-4E5C-8628-0CCF1EFE880F}"
EndProject
Global
	GlobalSection(SolutionConfigurationPlatforms) = preSolution
		Debug|Any CPU = Debug|Any CPU
		Release|Any CPU = Release|Any CPU
	EndGlobalSection
	GlobalSection(ProjectConfigurationPlatforms) = postSolution
		{A2139108-9263-4E5C-8628-0CCF1EFE880F}.Debug|Any CPU.ActiveCfg = Debug|Any CPU
		{A2139108-9263-4E5C-8628-0CCF1EFE880F}.Debug|Any CPU.Build.0 = Debug|Any CPU
		{A2139108-9263-4E5C-8628-0CCF1EFE880F}.Release|Any CPU.ActiveCfg = Release|Any CPU
		{A2139108-9263-4E5C-8628-0CCF1EFE880F}.Release|Any CPU.Build.0 = Release|Any CPU
	EndGlobalSection
	GlobalSection(SolutionProperties) = preSolution
		HideSolutionNode = FALSE
	EndGlobalSection
	GlobalSection(ExtensibilityGlobals) = postSolution
		SolutionGuid = {D57943FB-D34A-40FE-8DBE-12395AACC8DC}
	EndGlobalSection
EndGlobal
