
Microsoft Visual Studio Solution File, Format Version 12.00
# Visual Studio Version 16
VisualStudioVersion = 16.0.29025.244
MinimumVisualStudioVersion = 10.0.40219.1
Project("{FAE04EC0-301F-11D3-BF4B-00C04F79EFBC}") = "exemplo 2", "exemplo 2.csproj", "{18FE1DF1-6615-4B19-BB37-7C1AD7D94769}"
EndProject
Global
	GlobalSection(SolutionConfigurationPlatforms) = preSolution
		Debug|Any CPU = Debug|Any CPU
		Release|Any CPU = Release|Any CPU
	EndGlobalSection
	GlobalSection(ProjectConfigurationPlatforms) = postSolution
		{18FE1DF1-6615-4B19-BB37-7C1AD7D94769}.Debug|Any CPU.ActiveCfg = Debug|Any CPU
		{18FE1DF1-6615-4B19-BB37-7C1AD7D94769}.Debug|Any CPU.Build.0 = Debug|Any CPU
		{18FE1DF1-6615-4B19-BB37-7C1AD7D94769}.Release|Any CPU.ActiveCfg = Release|Any CPU
		{18FE1DF1-6615-4B19-BB37-7C1AD7D94769}.Release|Any CPU.Build.0 = Release|Any CPU
	EndGlobalSection
	GlobalSection(SolutionProperties) = preSolution
		HideSolutionNode = FALSE
	EndGlobalSection
	GlobalSection(ExtensibilityGlobals) = postSolution
		SolutionGuid = {C40C5B48-F31E-4A41-B79C-085D6FB403B6}
	EndGlobalSection
EndGlobal
