
Microsoft Visual Studio Solution File, Format Version 12.00
# Visual Studio Version 16
VisualStudioVersion = 16.0.29102.190
MinimumVisualStudioVersion = 10.0.40219.1
Project("{FAE04EC0-301F-11D3-BF4B-00C04F79EFBC}") = "ListaBiManeiraSimplesComClass", "ListaBiManeiraSimplesComClass.csproj", "{BB3FD744-8AAB-4AFB-879B-8A96A902575D}"
EndProject
Global
	GlobalSection(SolutionConfigurationPlatforms) = preSolution
		Debug|Any CPU = Debug|Any CPU
		Release|Any CPU = Release|Any CPU
	EndGlobalSection
	GlobalSection(ProjectConfigurationPlatforms) = postSolution
		{BB3FD744-8AAB-4AFB-879B-8A96A902575D}.Debug|Any CPU.ActiveCfg = Debug|Any CPU
		{BB3FD744-8AAB-4AFB-879B-8A96A902575D}.Debug|Any CPU.Build.0 = Debug|Any CPU
		{BB3FD744-8AAB-4AFB-879B-8A96A902575D}.Release|Any CPU.ActiveCfg = Release|Any CPU
		{BB3FD744-8AAB-4AFB-879B-8A96A902575D}.Release|Any CPU.Build.0 = Release|Any CPU
	EndGlobalSection
	GlobalSection(SolutionProperties) = preSolution
		HideSolutionNode = FALSE
	EndGlobalSection
	GlobalSection(ExtensibilityGlobals) = postSolution
		SolutionGuid = {EEEF6816-8374-4C4E-94B0-8F3DF767F23B}
	EndGlobalSection
EndGlobal
