
Microsoft Visual Studio Solution File, Format Version 12.00
# Visual Studio Version 16
VisualStudioVersion = 16.0.29102.190
MinimumVisualStudioVersion = 10.0.40219.1
Project("{FAE04EC0-301F-11D3-BF4B-00C04F79EFBC}") = "WPFAppNew", "WPFAppNew\WPFAppNew.csproj", "{C6122F8E-43DE-458E-8EDD-B0A8CE078ADF}"
EndProject
Global
	GlobalSection(SolutionConfigurationPlatforms) = preSolution
		Debug|Any CPU = Debug|Any CPU
		Release|Any CPU = Release|Any CPU
	EndGlobalSection
	GlobalSection(ProjectConfigurationPlatforms) = postSolution
		{C6122F8E-43DE-458E-8EDD-B0A8CE078ADF}.Debug|Any CPU.ActiveCfg = Debug|Any CPU
		{C6122F8E-43DE-458E-8EDD-B0A8CE078ADF}.Debug|Any CPU.Build.0 = Debug|Any CPU
		{C6122F8E-43DE-458E-8EDD-B0A8CE078ADF}.Release|Any CPU.ActiveCfg = Release|Any CPU
		{C6122F8E-43DE-458E-8EDD-B0A8CE078ADF}.Release|Any CPU.Build.0 = Release|Any CPU
	EndGlobalSection
	GlobalSection(SolutionProperties) = preSolution
		HideSolutionNode = FALSE
	EndGlobalSection
	GlobalSection(ExtensibilityGlobals) = postSolution
		SolutionGuid = {036A4287-4C4F-4F31-9FF6-679EE438A092}
	EndGlobalSection
EndGlobal
