
Microsoft Visual Studio Solution File, Format Version 12.00
# Visual Studio Version 16
VisualStudioVersion = 16.0.29102.190
MinimumVisualStudioVersion = 10.0.40219.1
Project("{FAE04EC0-301F-11D3-BF4B-00C04F79EFBC}") = "MostrarJoinha", "MostrarJoinha\MostrarJoinha.csproj", "{6CF3E2A5-950E-4373-8F0E-91D48706CE4F}"
EndProject
Project("{FAE04EC0-301F-11D3-BF4B-00C04F79EFBC}") = "UsandoBibliotecaJoinha", "UsandoBibliotecaJoinha\UsandoBibliotecaJoinha.csproj", "{6886B3F7-9DDA-4162-9DF0-CC9CFC8A35DD}"
EndProject
Global
	GlobalSection(SolutionConfigurationPlatforms) = preSolution
		Debug|Any CPU = Debug|Any CPU
		Release|Any CPU = Release|Any CPU
	EndGlobalSection
	GlobalSection(ProjectConfigurationPlatforms) = postSolution
		{6CF3E2A5-950E-4373-8F0E-91D48706CE4F}.Debug|Any CPU.ActiveCfg = Debug|Any CPU
		{6CF3E2A5-950E-4373-8F0E-91D48706CE4F}.Debug|Any CPU.Build.0 = Debug|Any CPU
		{6CF3E2A5-950E-4373-8F0E-91D48706CE4F}.Release|Any CPU.ActiveCfg = Release|Any CPU
		{6CF3E2A5-950E-4373-8F0E-91D48706CE4F}.Release|Any CPU.Build.0 = Release|Any CPU
		{6886B3F7-9DDA-4162-9DF0-CC9CFC8A35DD}.Debug|Any CPU.ActiveCfg = Debug|Any CPU
		{6886B3F7-9DDA-4162-9DF0-CC9CFC8A35DD}.Debug|Any CPU.Build.0 = Debug|Any CPU
		{6886B3F7-9DDA-4162-9DF0-CC9CFC8A35DD}.Release|Any CPU.ActiveCfg = Release|Any CPU
		{6886B3F7-9DDA-4162-9DF0-CC9CFC8A35DD}.Release|Any CPU.Build.0 = Release|Any CPU
	EndGlobalSection
	GlobalSection(SolutionProperties) = preSolution
		HideSolutionNode = FALSE
	EndGlobalSection
	GlobalSection(ExtensibilityGlobals) = postSolution
		SolutionGuid = {64E0B732-74DC-42A1-BDD8-22CD160CE616}
	EndGlobalSection
EndGlobal
